
Microsoft Visual Studio Solution File, Format Version 12.00
# Visual Studio Version 17
VisualStudioVersion = 17.8.34511.84
MinimumVisualStudioVersion = 10.0.40219.1
Project("{9A19103F-16F7-4668-BE54-9A1E7A4F7556}") = "GrbLHAL Sender", "GrbLHAL Sender.csproj", "{00469A4B-9B1F-4B18-BE46-4E58F4C26D38}"
EndProject
Project("{9A19103F-16F7-4668-BE54-9A1E7A4F7556}") = "GrbLHAL Sender.Desktop", "..\GrbLHAL Sender.Desktop\GrbLHAL Sender.Desktop.csproj", "{FA24DAA9-30B1-4A5E-BF43-267BDF8B027C}"
EndProject
Global
	GlobalSection(SolutionConfigurationPlatforms) = preSolution
		Debug|Any CPU = Debug|Any CPU
		Release|Any CPU = Release|Any CPU
	EndGlobalSection
	GlobalSection(ProjectConfigurationPlatforms) = postSolution
		{00469A4B-9B1F-4B18-BE46-4E58F4C26D38}.Debug|Any CPU.ActiveCfg = Debug|Any CPU
		{00469A4B-9B1F-4B18-BE46-4E58F4C26D38}.Debug|Any CPU.Build.0 = Debug|Any CPU
		{00469A4B-9B1F-4B18-BE46-4E58F4C26D38}.Release|Any CPU.ActiveCfg = Release|Any CPU
		{00469A4B-9B1F-4B18-BE46-4E58F4C26D38}.Release|Any CPU.Build.0 = Release|Any CPU
		{FA24DAA9-30B1-4A5E-BF43-267BDF8B027C}.Debug|Any CPU.ActiveCfg = Debug|Any CPU
		{FA24DAA9-30B1-4A5E-BF43-267BDF8B027C}.Debug|Any CPU.Build.0 = Debug|Any CPU
		{FA24DAA9-30B1-4A5E-BF43-267BDF8B027C}.Release|Any CPU.ActiveCfg = Release|Any CPU
		{FA24DAA9-30B1-4A5E-BF43-267BDF8B027C}.Release|Any CPU.Build.0 = Release|Any CPU
	EndGlobalSection
	GlobalSection(SolutionProperties) = preSolution
		HideSolutionNode = FALSE
	EndGlobalSection
	GlobalSection(ExtensibilityGlobals) = postSolution
		SolutionGuid = {38810590-6738-444F-9DE3-B002EFCC9C38}
	EndGlobalSection
EndGlobal
